
Microsoft Visual Studio Solution File, Format Version 12.00
# Visual Studio Version 18
VisualStudioVersion = 18.6.11819.183 stable
MinimumVisualStudioVersion = 10.0.40219.1
Project("{FAE04EC0-301F-11D3-BF4B-00C04F79EFBC}") = "Server", "Server.csproj", "{29494141-C5E7-44C9-B8EA-5EE04278EFCD}"
EndProject
Global
	GlobalSection(SolutionConfigurationPlatforms) = preSolution
		Debug|Any CPU = Debug|Any CPU
		Release|Any CPU = Release|Any CPU
	EndGlobalSection
	GlobalSection(ProjectConfigurationPlatforms) = postSolution
		{29494141-C5E7-44C9-B8EA-5EE04278EFCD}.Debug|Any CPU.ActiveCfg = Debug|Any CPU
		{29494141-C5E7-44C9-B8EA-5EE04278EFCD}.Debug|Any CPU.Build.0 = Debug|Any CPU
		{29494141-C5E7-44C9-B8EA-5EE04278EFCD}.Release|Any CPU.ActiveCfg = Release|Any CPU
		{29494141-C5E7-44C9-B8EA-5EE04278EFCD}.Release|Any CPU.Build.0 = Release|Any CPU
	EndGlobalSection
	GlobalSection(SolutionProperties) = preSolution
		HideSolutionNode = FALSE
	EndGlobalSection
	GlobalSection(ExtensibilityGlobals) = postSolution
		SolutionGuid = {45D8C10A-D830-4710-A068-F22255004875}
	EndGlobalSection
EndGlobal
